
Microsoft Visual Studio Solution File, Format Version 12.00
# Visual Studio Version 17
VisualStudioVersion = 17.8.34511.84
MinimumVisualStudioVersion = 10.0.40219.1
Project("{FAE04EC0-301F-11D3-BF4B-00C04F79EFBC}") = "BotigaVirtual", "BotigaVirtual\BotigaVirtual.csproj", "{AFF3D801-921A-4B81-BBF4-5F24B3CBC81A}"
EndProject
Global
	GlobalSection(SolutionConfigurationPlatforms) = preSolution
		Debug|Any CPU = Debug|Any CPU
		Release|Any CPU = Release|Any CPU
	EndGlobalSection
	GlobalSection(ProjectConfigurationPlatforms) = postSolution
		{AFF3D801-921A-4B81-BBF4-5F24B3CBC81A}.Debug|Any CPU.ActiveCfg = Debug|Any CPU
		{AFF3D801-921A-4B81-BBF4-5F24B3CBC81A}.Debug|Any CPU.Build.0 = Debug|Any CPU
		{AFF3D801-921A-4B81-BBF4-5F24B3CBC81A}.Release|Any CPU.ActiveCfg = Release|Any CPU
		{AFF3D801-921A-4B81-BBF4-5F24B3CBC81A}.Release|Any CPU.Build.0 = Release|Any CPU
	EndGlobalSection
	GlobalSection(SolutionProperties) = preSolution
		HideSolutionNode = FALSE
	EndGlobalSection
	GlobalSection(ExtensibilityGlobals) = postSolution
		SolutionGuid = {A284AD47-B45A-4A27-8837-ECD2BA9A491E}
	EndGlobalSection
EndGlobal
